
Microsoft Visual Studio Solution File, Format Version 12.00
# Visual Studio 15
VisualStudioVersion = 15.0.28307.102
MinimumVisualStudioVersion = 10.0.40219.1
Project("{9A19103F-16F7-4668-BE54-9A1E7A4F7556}") = "MyBoilerplate", "MyBoilerplate\MyBoilerplate.csproj", "{4ACFDEA7-A691-44C0-98DC-0E9B9CDB8ED0}"
EndProject
Project("{E53339B2-1760-4266-BCC7-CA923CBCF16C}") = "docker-compose", "docker-compose.dcproj", "{FF96E223-406A-477D-B14E-710F27DAA62E}"
EndProject
Global
	GlobalSection(SolutionConfigurationPlatforms) = preSolution
		Debug|Any CPU = Debug|Any CPU
		Release|Any CPU = Release|Any CPU
	EndGlobalSection
	GlobalSection(ProjectConfigurationPlatforms) = postSolution
		{4ACFDEA7-A691-44C0-98DC-0E9B9CDB8ED0}.Debug|Any CPU.ActiveCfg = Debug|Any CPU
		{4ACFDEA7-A691-44C0-98DC-0E9B9CDB8ED0}.Debug|Any CPU.Build.0 = Debug|Any CPU
		{4ACFDEA7-A691-44C0-98DC-0E9B9CDB8ED0}.Release|Any CPU.ActiveCfg = Release|Any CPU
		{4ACFDEA7-A691-44C0-98DC-0E9B9CDB8ED0}.Release|Any CPU.Build.0 = Release|Any CPU
		{FF96E223-406A-477D-B14E-710F27DAA62E}.Debug|Any CPU.ActiveCfg = Debug|Any CPU
		{FF96E223-406A-477D-B14E-710F27DAA62E}.Debug|Any CPU.Build.0 = Debug|Any CPU
		{FF96E223-406A-477D-B14E-710F27DAA62E}.Release|Any CPU.ActiveCfg = Release|Any CPU
		{FF96E223-406A-477D-B14E-710F27DAA62E}.Release|Any CPU.Build.0 = Release|Any CPU
	EndGlobalSection
	GlobalSection(SolutionProperties) = preSolution
		HideSolutionNode = FALSE
	EndGlobalSection
	GlobalSection(ExtensibilityGlobals) = postSolution
		SolutionGuid = {871F38C7-9FF8-4816-9FC5-60F39EF00150}
	EndGlobalSection
EndGlobal
